{
  "version": 4,
  "terraform_version": "1.14.3",
  "serial": 10,
  "lineage": "f0651038-588e-d141-dc24-63343f1d3174",
  "outputs": {
    "instance_self_link": {
      "value": "https://www.googleapis.com/compute/v1/projects/nimble-factor-478021-b4/zones/us-central1-a/instances/lemonai-vm",
      "type": "string"
    },
    "public_ip": {
      "value": "136.112.36.156",
      "type": "string"
    },
    "ssh_command": {
      "value": "ssh -i \u003cyour-key\u003e ubuntu@136.112.36.156",
      "type": "string"
    }
  },
  "resources": [
    {
      "mode": "managed",
      "type": "google_compute_address",
      "name": "static_ip",
      "provider": "provider[\"registry.terraform.io/hashicorp/google\"]",
      "instances": [
        {
          "schema_version": 0,
          "attributes": {
            "address": "136.112.36.156",
            "address_type": "EXTERNAL",
            "creation_timestamp": "2026-01-10T21:13:13.670-08:00",
            "description": "",
            "effective_labels": {},
            "id": "projects/nimble-factor-478021-b4/regions/us-central1/addresses/lemonai-ip",
            "ip_version": "",
            "ipv6_endpoint_type": "",
            "label_fingerprint": "42WmSpB8rSM=",
            "labels": null,
            "name": "lemonai-ip",
            "network": "",
            "network_tier": "PREMIUM",
            "prefix_length": 0,
            "project": "nimble-factor-478021-b4",
            "purpose": "",
            "region": "us-central1",
            "self_link": "https://www.googleapis.com/compute/v1/projects/nimble-factor-478021-b4/regions/us-central1/addresses/lemonai-ip",
            "subnetwork": "",
            "terraform_labels": {},
            "timeouts": null,
            "users": []
          },
          "sensitive_attributes": [],
          "identity_schema_version": 0,
          "private": "eyJlMmJmYjczMC1lY2FhLTExZTYtOGY4OC0zNDM2M2JjN2M0YzAiOnsiY3JlYXRlIjoxMjAwMDAwMDAwMDAwLCJkZWxldGUiOjEyMDAwMDAwMDAwMDAsInVwZGF0ZSI6MTIwMDAwMDAwMDAwMH19",
          "dependencies": [
            "google_project_service.apis"
          ]
        }
      ]
    },
    {
      "mode": "managed",
      "type": "google_compute_firewall",
      "name": "allow_https",
      "provider": "provider[\"registry.terraform.io/hashicorp/google\"]",
      "instances": [
        {
          "schema_version": 1,
          "attributes": {
            "allow": [
              {
                "ports": [
                  "443"
                ],
                "protocol": "tcp"
              }
            ],
            "creation_timestamp": "2026-01-10T21:12:54.005-08:00",
            "deny": [],
            "description": "",
            "destination_ranges": [],
            "direction": "INGRESS",
            "disabled": false,
            "enable_logging": null,
            "id": "projects/nimble-factor-478021-b4/global/firewalls/allow-https",
            "log_config": [],
            "name": "allow-https",
            "network": "https://www.googleapis.com/compute/v1/projects/nimble-factor-478021-b4/global/networks/default",
            "priority": 1000,
            "project": "nimble-factor-478021-b4",
            "self_link": "https://www.googleapis.com/compute/v1/projects/nimble-factor-478021-b4/global/firewalls/allow-https",
            "source_ranges": [
              "0.0.0.0/0"
            ],
            "source_service_accounts": null,
            "source_tags": null,
            "target_service_accounts": null,
            "target_tags": [
              "lemonai-public"
            ],
            "timeouts": null
          },
          "sensitive_attributes": [],
          "identity_schema_version": 0,
          "private": "eyJlMmJmYjczMC1lY2FhLTExZTYtOGY4OC0zNDM2M2JjN2M0YzAiOnsiY3JlYXRlIjoxMjAwMDAwMDAwMDAwLCJkZWxldGUiOjEyMDAwMDAwMDAwMDAsInVwZGF0ZSI6MTIwMDAwMDAwMDAwMH0sInNjaGVtYV92ZXJzaW9uIjoiMSJ9"
        }
      ]
    },
    {
      "mode": "managed",
      "type": "google_compute_firewall",
      "name": "allow_ssh_admin",
      "provider": "provider[\"registry.terraform.io/hashicorp/google\"]",
      "instances": [
        {
          "schema_version": 1,
          "attributes": {
            "allow": [
              {
                "ports": [
                  "22"
                ],
                "protocol": "tcp"
              }
            ],
            "creation_timestamp": "2026-01-10T21:12:53.374-08:00",
            "deny": [],
            "description": "",
            "destination_ranges": [],
            "direction": "INGRESS",
            "disabled": false,
            "enable_logging": null,
            "id": "projects/nimble-factor-478021-b4/global/firewalls/allow-ssh-admin",
            "log_config": [],
            "name": "allow-ssh-admin",
            "network": "https://www.googleapis.com/compute/v1/projects/nimble-factor-478021-b4/global/networks/default",
            "priority": 1000,
            "project": "nimble-factor-478021-b4",
            "self_link": "https://www.googleapis.com/compute/v1/projects/nimble-factor-478021-b4/global/firewalls/allow-ssh-admin",
            "source_ranges": [
              "98.228.216.14/32"
            ],
            "source_service_accounts": null,
            "source_tags": null,
            "target_service_accounts": null,
            "target_tags": [
              "lemonai-public"
            ],
            "timeouts": null
          },
          "sensitive_attributes": [],
          "identity_schema_version": 0,
          "private": "eyJlMmJmYjczMC1lY2FhLTExZTYtOGY4OC0zNDM2M2JjN2M0YzAiOnsiY3JlYXRlIjoxMjAwMDAwMDAwMDAwLCJkZWxldGUiOjEyMDAwMDAwMDAwMDAsInVwZGF0ZSI6MTIwMDAwMDAwMDAwMH0sInNjaGVtYV92ZXJzaW9uIjoiMSJ9"
        }
      ]
    },
    {
      "mode": "managed",
      "type": "google_compute_instance",
      "name": "vm",
      "provider": "provider[\"registry.terraform.io/hashicorp/google\"]",
      "instances": [
        {
          "schema_version": 6,
          "attributes": {
            "advanced_machine_features": [],
            "allow_stopping_for_update": null,
            "attached_disk": [],
            "boot_disk": [
              {
                "auto_delete": true,
                "device_name": "persistent-disk-0",
                "disk_encryption_key_raw": "",
                "disk_encryption_key_sha256": "",
                "initialize_params": [
                  {
                    "enable_confidential_compute": false,
                    "image": "https://www.googleapis.com/compute/v1/projects/ubuntu-os-cloud/global/images/ubuntu-2204-jammy-v20251218",
                    "labels": {},
                    "provisioned_iops": 0,
                    "provisioned_throughput": 0,
                    "resource_manager_tags": null,
                    "size": 10,
                    "storage_pool": "",
                    "type": "pd-standard"
                  }
                ],
                "kms_key_self_link": "",
                "mode": "READ_WRITE",
                "source": "https://www.googleapis.com/compute/v1/projects/nimble-factor-478021-b4/zones/us-central1-a/disks/lemonai-vm"
              }
            ],
            "can_ip_forward": false,
            "confidential_instance_config": [],
            "cpu_platform": "Intel Haswell",
            "current_status": "RUNNING",
            "deletion_protection": false,
            "description": "",
            "desired_status": null,
            "effective_labels": {},
            "enable_display": false,
            "guest_accelerator": [],
            "hostname": "",
            "id": "projects/nimble-factor-478021-b4/zones/us-central1-a/instances/lemonai-vm",
            "instance_id": "7993424338442162074",
            "label_fingerprint": "42WmSpB8rSM=",
            "labels": null,
            "machine_type": "f1-micro",
            "metadata": {
              "startup-script": "#!/bin/bash\nset -e\n\n# --- Configuration ---\nSWAP_SIZE=\"1\"\nBASIC_AUTH_USER=\"admin\"\nBASIC_AUTH_PASS=\"L3m0n@i_S3cur3_P@ss_2026!\"\nSTATIC_IP=\"136.112.36.156\"\nLEMON_IMAGE=\"hexdolemonai/lemon:latest\"\n\n# --- Install Docker ---\necho \"Installing Docker...\"\napt-get update\napt-get install -y ca-certificates curl gnupg lsb-release\nmkdir -p /etc/apt/keyrings\ncurl -fsSL https://download.docker.com/linux/ubuntu/gpg | gpg --dearmor -o /etc/apt/keyrings/docker.gpg\necho \\\n  \"deb [arch=$(dpkg --print-architecture) signed-by=/etc/apt/keyrings/docker.gpg] https://download.docker.com/linux/ubuntu \\\n  $(lsb_release -cs) stable\" | tee /etc/apt/sources.list.d/docker.list \u003e /dev/null\napt-get update\napt-get install -y docker-ce docker-ce-cli containerd.io docker-compose-plugin\n\n# --- Setup Directories ---\necho \"Creating directories...\"\nmkdir -p /opt/lemon/workspace\nmkdir -p /opt/lemon/data\nmkdir -p /opt/lemon/cache\nmkdir -p /opt/lemon/nginx/ssl\n\n# --- Setup Swap ---\nif ! grep -q \"swapfile\" /etc/fstab; then\n  echo \"Setting up 1GB swap...\"\n  fallocate -l \"1G\" /swapfile\n  chmod 600 /swapfile\n  mkswap /swapfile\n  swapon /swapfile\n  echo '/swapfile none swap sw 0 0' | tee -a /etc/fstab\n  sysctl vm.swappiness=10\n  echo 'vm.swappiness=10' \u003e\u003e /etc/sysctl.conf\nelse\n  echo \"Swap already configured.\"\nfi\n\n# --- Nginx Configuration ---\necho \"Configuring Nginx...\"\n\n# Generate Self-Signed Cert\nopenssl req -x509 -nodes -days 365 -newkey rsa:2048 \\\n  -keyout /opt/lemon/nginx/ssl/nginx.key \\\n  -out /opt/lemon/nginx/ssl/nginx.crt \\\n  -subj \"/CN=136.112.36.156\"\n\n# Create Basic Auth File\necho \"L3m0n@i_S3cur3_P@ss_2026!\" | htpasswd -ic /opt/lemon/nginx/.htpasswd \"admin\"\n\n# Nginx Config\ncat \u003c\u003cEOF \u003e /opt/lemon/nginx/nginx.conf\nevents {\n    worker_connections 1024;\n}\n\nhttp {\n    server {\n        listen 80;\n        server_name _;\n        return 301 https://\\$host\\$request_uri;\n    }\n\n    server {\n        listen 443 ssl;\n        server_name _;\n\n        ssl_certificate /etc/nginx/ssl/nginx.crt;\n        ssl_certificate_key /etc/nginx/ssl/nginx.key;\n\n        location / {\n            auth_basic \"Restricted Access\";\n            auth_basic_user_file /etc/nginx/.htpasswd;\n\n            proxy_pass http://host.docker.internal:5005;\n            proxy_set_header Host \\$host;\n            proxy_set_header X-Real-IP \\$remote_addr;\n            proxy_set_header X-Forwarded-For \\$proxy_add_x_forwarded_for;\n            proxy_set_header X-Forwarded-Proto \\$scheme;\n        }\n    }\n}\nEOF\n\n# --- Start Containers ---\necho \"Starting containers...\"\n\n# Stop existing containers if running (cleanup)\ndocker stop lemon-app nginx-proxy || true\ndocker rm lemon-app nginx-proxy || true\n\n# Run LemonAI\n# Note: Assuming host.docker.internal works on Linux with --add-host (standard on newer docker versions)\ndocker run -d \\\n  --name lemon-app \\\n  --restart unless-stopped \\\n  -p 127.0.0.1:5005:5005 \\\n  -e DOCKER_HOST_ADDR=host.docker.internal \\\n  -e ACTUAL_HOST_WORKSPACE_PATH=/opt/lemon/workspace \\\n  -v /var/run/docker.sock:/var/run/docker.sock \\\n  -v /opt/lemon/workspace:/workspace \\\n  -v /opt/lemon/data:/app/data \\\n  -v /opt/lemon/cache:/.cache \\\n  $LEMON_IMAGE\n\n# Run Nginx\ndocker run -d \\\n  --name nginx-proxy \\\n  --restart unless-stopped \\\n  -p 80:80 \\\n  -p 443:443 \\\n  --add-host host.docker.internal:host-gateway \\\n  -v /opt/lemon/nginx/nginx.conf:/etc/nginx/nginx.conf:ro \\\n  -v /opt/lemon/nginx/ssl:/etc/nginx/ssl:ro \\\n  -v /opt/lemon/nginx/.htpasswd:/etc/nginx/.htpasswd:ro \\\n  nginx:alpine\n\necho \"Startup complete!\"\n"
            },
            "metadata_fingerprint": "3y49UXojFn0=",
            "metadata_startup_script": null,
            "min_cpu_platform": "",
            "name": "lemonai-vm",
            "network_interface": [
              {
                "access_config": [
                  {
                    "nat_ip": "136.112.36.156",
                    "network_tier": "PREMIUM",
                    "public_ptr_domain_name": ""
                  }
                ],
                "alias_ip_range": [],
                "internal_ipv6_prefix_length": 0,
                "ipv6_access_config": [],
                "ipv6_access_type": "",
                "ipv6_address": "",
                "name": "nic0",
                "network": "https://www.googleapis.com/compute/v1/projects/nimble-factor-478021-b4/global/networks/default",
                "network_ip": "10.128.0.4",
                "nic_type": "",
                "queue_count": 0,
                "stack_type": "IPV4_ONLY",
                "subnetwork": "https://www.googleapis.com/compute/v1/projects/nimble-factor-478021-b4/regions/us-central1/subnetworks/default",
                "subnetwork_project": "nimble-factor-478021-b4"
              }
            ],
            "network_performance_config": [],
            "params": [],
            "project": "nimble-factor-478021-b4",
            "reservation_affinity": [],
            "resource_policies": null,
            "scheduling": [
              {
                "automatic_restart": true,
                "instance_termination_action": "",
                "local_ssd_recovery_timeout": [],
                "max_run_duration": [],
                "min_node_cpus": 0,
                "node_affinities": [],
                "on_host_maintenance": "MIGRATE",
                "on_instance_stop_action": [],
                "preemptible": false,
                "provisioning_model": "STANDARD"
              }
            ],
            "scratch_disk": [],
            "self_link": "https://www.googleapis.com/compute/v1/projects/nimble-factor-478021-b4/zones/us-central1-a/instances/lemonai-vm",
            "service_account": [
              {
                "email": "lemonai-sa@nimble-factor-478021-b4.iam.gserviceaccount.com",
                "scopes": [
                  "https://www.googleapis.com/auth/cloud-platform"
                ]
              }
            ],
            "shielded_instance_config": [
              {
                "enable_integrity_monitoring": true,
                "enable_secure_boot": false,
                "enable_vtpm": true
              }
            ],
            "tags": [
              "lemonai-public"
            ],
            "tags_fingerprint": "SpPCFnVoBFg=",
            "terraform_labels": {},
            "timeouts": null,
            "zone": "us-central1-a"
          },
          "sensitive_attributes": [
            [
              {
                "type": "get_attr",
                "value": "boot_disk"
              },
              {
                "type": "index",
                "value": {
                  "value": 0,
                  "type": "number"
                }
              },
              {
                "type": "get_attr",
                "value": "disk_encryption_key_raw"
              }
            ],
            [
              {
                "type": "get_attr",
                "value": "metadata"
              },
              {
                "type": "index",
                "value": {
                  "value": "startup-script",
                  "type": "string"
                }
              }
            ]
          ],
          "identity_schema_version": 0,
          "private": "eyJlMmJmYjczMC1lY2FhLTExZTYtOGY4OC0zNDM2M2JjN2M0YzAiOnsiY3JlYXRlIjoxMjAwMDAwMDAwMDAwLCJkZWxldGUiOjEyMDAwMDAwMDAwMDAsInVwZGF0ZSI6MTIwMDAwMDAwMDAwMH0sInNjaGVtYV92ZXJzaW9uIjoiNiJ9",
          "dependencies": [
            "google_compute_address.static_ip",
            "google_project_service.apis",
            "google_service_account.lemon_sa"
          ]
        }
      ]
    },
    {
      "mode": "managed",
      "type": "google_project_iam_member",
      "name": "logging",
      "provider": "provider[\"registry.terraform.io/hashicorp/google\"]",
      "instances": [
        {
          "schema_version": 0,
          "attributes": {
            "condition": [],
            "etag": "BwZIFdBeqhM=",
            "id": "nimble-factor-478021-b4/roles/logging.logWriter/serviceAccount:lemonai-sa@nimble-factor-478021-b4.iam.gserviceaccount.com",
            "member": "serviceAccount:lemonai-sa@nimble-factor-478021-b4.iam.gserviceaccount.com",
            "project": "nimble-factor-478021-b4",
            "role": "roles/logging.logWriter"
          },
          "sensitive_attributes": [],
          "identity_schema_version": 0,
          "private": "bnVsbA==",
          "dependencies": [
            "google_service_account.lemon_sa"
          ]
        }
      ]
    },
    {
      "mode": "managed",
      "type": "google_project_iam_member",
      "name": "monitoring",
      "provider": "provider[\"registry.terraform.io/hashicorp/google\"]",
      "instances": [
        {
          "schema_version": 0,
          "attributes": {
            "condition": [],
            "etag": "BwZIFdBeqhM=",
            "id": "nimble-factor-478021-b4/roles/monitoring.metricWriter/serviceAccount:lemonai-sa@nimble-factor-478021-b4.iam.gserviceaccount.com",
            "member": "serviceAccount:lemonai-sa@nimble-factor-478021-b4.iam.gserviceaccount.com",
            "project": "nimble-factor-478021-b4",
            "role": "roles/monitoring.metricWriter"
          },
          "sensitive_attributes": [],
          "identity_schema_version": 0,
          "private": "bnVsbA==",
          "dependencies": [
            "google_service_account.lemon_sa"
          ]
        }
      ]
    },
    {
      "mode": "managed",
      "type": "google_project_service",
      "name": "apis",
      "provider": "provider[\"registry.terraform.io/hashicorp/google\"]",
      "instances": [
        {
          "index_key": "compute.googleapis.com",
          "schema_version": 0,
          "attributes": {
            "disable_dependent_services": null,
            "disable_on_destroy": false,
            "id": "nimble-factor-478021-b4/compute.googleapis.com",
            "project": "nimble-factor-478021-b4",
            "service": "compute.googleapis.com",
            "timeouts": null
          },
          "sensitive_attributes": [],
          "identity_schema_version": 0,
          "private": "eyJlMmJmYjczMC1lY2FhLTExZTYtOGY4OC0zNDM2M2JjN2M0YzAiOnsiY3JlYXRlIjoxMjAwMDAwMDAwMDAwLCJkZWxldGUiOjEyMDAwMDAwMDAwMDAsInJlYWQiOjYwMDAwMDAwMDAwMCwidXBkYXRlIjoxMjAwMDAwMDAwMDAwfX0="
        },
        {
          "index_key": "iam.googleapis.com",
          "schema_version": 0,
          "attributes": {
            "disable_dependent_services": null,
            "disable_on_destroy": false,
            "id": "nimble-factor-478021-b4/iam.googleapis.com",
            "project": "nimble-factor-478021-b4",
            "service": "iam.googleapis.com",
            "timeouts": null
          },
          "sensitive_attributes": [],
          "identity_schema_version": 0,
          "private": "eyJlMmJmYjczMC1lY2FhLTExZTYtOGY4OC0zNDM2M2JjN2M0YzAiOnsiY3JlYXRlIjoxMjAwMDAwMDAwMDAwLCJkZWxldGUiOjEyMDAwMDAwMDAwMDAsInJlYWQiOjYwMDAwMDAwMDAwMCwidXBkYXRlIjoxMjAwMDAwMDAwMDAwfX0="
        },
        {
          "index_key": "logging.googleapis.com",
          "schema_version": 0,
          "attributes": {
            "disable_dependent_services": null,
            "disable_on_destroy": false,
            "id": "nimble-factor-478021-b4/logging.googleapis.com",
            "project": "nimble-factor-478021-b4",
            "service": "logging.googleapis.com",
            "timeouts": null
          },
          "sensitive_attributes": [],
          "identity_schema_version": 0,
          "private": "eyJlMmJmYjczMC1lY2FhLTExZTYtOGY4OC0zNDM2M2JjN2M0YzAiOnsiY3JlYXRlIjoxMjAwMDAwMDAwMDAwLCJkZWxldGUiOjEyMDAwMDAwMDAwMDAsInJlYWQiOjYwMDAwMDAwMDAwMCwidXBkYXRlIjoxMjAwMDAwMDAwMDAwfX0="
        },
        {
          "index_key": "monitoring.googleapis.com",
          "schema_version": 0,
          "attributes": {
            "disable_dependent_services": null,
            "disable_on_destroy": false,
            "id": "nimble-factor-478021-b4/monitoring.googleapis.com",
            "project": "nimble-factor-478021-b4",
            "service": "monitoring.googleapis.com",
            "timeouts": null
          },
          "sensitive_attributes": [],
          "identity_schema_version": 0,
          "private": "eyJlMmJmYjczMC1lY2FhLTExZTYtOGY4OC0zNDM2M2JjN2M0YzAiOnsiY3JlYXRlIjoxMjAwMDAwMDAwMDAwLCJkZWxldGUiOjEyMDAwMDAwMDAwMDAsInJlYWQiOjYwMDAwMDAwMDAwMCwidXBkYXRlIjoxMjAwMDAwMDAwMDAwfX0="
        }
      ]
    },
    {
      "mode": "managed",
      "type": "google_service_account",
      "name": "lemon_sa",
      "provider": "provider[\"registry.terraform.io/hashicorp/google\"]",
      "instances": [
        {
          "schema_version": 0,
          "attributes": {
            "account_id": "lemonai-sa",
            "create_ignore_already_exists": null,
            "description": "",
            "disabled": false,
            "display_name": "LemonAI Service Account",
            "email": "lemonai-sa@nimble-factor-478021-b4.iam.gserviceaccount.com",
            "id": "projects/nimble-factor-478021-b4/serviceAccounts/lemonai-sa@nimble-factor-478021-b4.iam.gserviceaccount.com",
            "member": "serviceAccount:lemonai-sa@nimble-factor-478021-b4.iam.gserviceaccount.com",
            "name": "projects/nimble-factor-478021-b4/serviceAccounts/lemonai-sa@nimble-factor-478021-b4.iam.gserviceaccount.com",
            "project": "nimble-factor-478021-b4",
            "timeouts": null,
            "unique_id": "116909926701432044746"
          },
          "sensitive_attributes": [],
          "identity_schema_version": 0,
          "private": "eyJlMmJmYjczMC1lY2FhLTExZTYtOGY4OC0zNDM2M2JjN2M0YzAiOnsiY3JlYXRlIjozMDAwMDAwMDAwMDB9fQ=="
        }
      ]
    }
  ],
  "check_results": null
}
